Microsoft Visual Studio Solution File, Format Version 11.00
# Visual Studio 2010
Project("{FAE04EC0-301F-11D3-BF4B-00C04F79EFBC}") = "Assembly-CSharp", "Assembly-CSharp.csproj", "{A804CD26-12FD-FDA0-4260-4D6046EA5E8B}"
EndProject
Project("{FAE04EC0-301F-11D3-BF4B-00C04F79EFBC}") = "Assembly-CSharp-Editor", "Assembly-CSharp-Editor.csproj", "{98B66D55-E54D-6B9A-3A29-10B9DE803FAF}"
EndProject
Global
	GlobalSection(SolutionConfigurationPlatforms) = preSolution
		Debug|Any CPU = Debug|Any CPU
		Release|Any CPU = Release|Any CPU
	EndGlobalSection
	GlobalSection(ProjectConfigurationPlatforms) = postSolution
		{A804CD26-12FD-FDA0-4260-4D6046EA5E8B}.Debug|Any CPU.ActiveCfg = Debug|Any CPU
		{A804CD26-12FD-FDA0-4260-4D6046EA5E8B}.Debug|Any CPU.Build.0 = Debug|Any CPU
		{A804CD26-12FD-FDA0-4260-4D6046EA5E8B}.Release|Any CPU.ActiveCfg = Release|Any CPU
		{A804CD26-12FD-FDA0-4260-4D6046EA5E8B}.Release|Any CPU.Build.0 = Release|Any CPU
		{98B66D55-E54D-6B9A-3A29-10B9DE803FAF}.Debug|Any CPU.ActiveCfg = Debug|Any CPU
		{98B66D55-E54D-6B9A-3A29-10B9DE803FAF}.Debug|Any CPU.Build.0 = Debug|Any CPU
		{98B66D55-E54D-6B9A-3A29-10B9DE803FAF}.Release|Any CPU.ActiveCfg = Release|Any CPU
		{98B66D55-E54D-6B9A-3A29-10B9DE803FAF}.Release|Any CPU.Build.0 = Release|Any CPU
	EndGlobalSection
	GlobalSection(SolutionProperties) = preSolution
		HideSolutionNode = FALSE
	EndGlobalSection
	GlobalSection(MonoDevelopProperties) = preSolution
		StartupItem = Assembly-CSharp.csproj
	EndGlobalSection
EndGlobal
